PODS:
  - Alamofire (5.4.1)
  - Faye (2.2.4):
    - Starscream (~> 4.0)
  - GetStream (2.2.4):
    - GetStream/Core (= 2.2.4)
    - GetStream/Faye (= 2.2.4)
  - GetStream/Core (2.2.4):
    - Moya (~> 14.0)
    - Swime (~> 3.0)
  - GetStream/Faye (2.2.4):
    - Faye
    - GetStream/Core
  - Moya (14.0.0):
    - Moya/Core (= 14.0.0)
  - Moya/Core (14.0.0):
    - Alamofire (~> 5.0)
  - Nuke (9.3.0)
  - Reusable (4.1.1):
    - Reusable/Storyboard (= 4.1.1)
    - Reusable/View (= 4.1.1)
  - Reusable/Storyboard (4.1.1)
  - Reusable/View (4.1.1)
  - SnapKit (5.0.1)
  - Starscream (4.0.4)
  - Swime (3.0.6)

DEPENDENCIES:
  - GetStream
  - Nuke (~> 9.0)
  - Reusable (~> 4.1)
  - SnapKit (~> 5.0)

SPEC REPOS:
  trunk:
    - Alamofire
    - Faye
    - GetStream
    - Moya
    - Nuke
    - Reusable
    - SnapKit
    - Starscream
    - Swime

SPEC CHECKSUMS:
  Alamofire: 2291f7d21ca607c491dd17642e5d40fdcda0e65c
  Faye: 3afe22a923fe04273462ecd639f897a90196e6d5
  GetStream: e0bd7ca3108cc9ee99d5d097197962b0c2565982
  Moya: 5b45dacb75adb009f97fde91c204c1e565d31916
  Nuke: 56a7266398951d9af3a897a71a7b662344915ec5
  Reusable: 53a9acf5c536f229b31b5865782414b508252ddb
  SnapKit: 97b92857e3df3a0c71833cce143274bf6ef8e5eb
  Starscream: 5178aed56b316f13fa3bc55694e583d35dd414d9
  Swime: d7b2c277503b6cea317774aedc2dce05613f8b0b

PODFILE CHECKSUM: ae3fb866e73d8a22f8cc0bd521d9e9589125c57f

COCOAPODS: 1.10.0
